
Microsoft Visual Studio Solution File, Format Version 12.00
# Visual Studio 15
VisualStudioVersion = 15.0.27703.2035
MinimumVisualStudioVersion = 10.0.40219.1
Project("{888888A0-9F3D-457C-B088-3A5042F75D52}") = "NNCompet", "NNCompet\NNCompet.pyproj", "{4BF35F51-E247-426E-B6C3-5AE163472C73}"
EndProject
Global
	GlobalSection(SolutionConfigurationPlatforms) = preSolution
		Debug|Any CPU = Debug|Any CPU
		Release|Any CPU = Release|Any CPU
	EndGlobalSection
	GlobalSection(ProjectConfigurationPlatforms) = postSolution
		{4BF35F51-E247-426E-B6C3-5AE163472C73}.Debug|Any CPU.ActiveCfg = Debug|Any CPU
		{4BF35F51-E247-426E-B6C3-5AE163472C73}.Release|Any CPU.ActiveCfg = Release|Any CPU
	EndGlobalSection
	GlobalSection(SolutionProperties) = preSolution
		HideSolutionNode = FALSE
	EndGlobalSection
	GlobalSection(ExtensibilityGlobals) = postSolution
		SolutionGuid = {D2F55599-80B5-478D-9D75-ECF3E9629BAE}
	EndGlobalSection
EndGlobal
